
Microsoft Visual Studio Solution File, Format Version 12.00
# Visual Studio 14
VisualStudioVersion = 14.0.25420.1
MinimumVisualStudioVersion = 10.0.40219.1
Project("{FAE04EC0-301F-11D3-BF4B-00C04F79EFBC}") = "PerformanceBuilder", "PerformanceBuilder\PerformanceBuilder.csproj", "{BCA240B5-1BAC-4BFF-AF1D-32A17ADDA1F6}"
EndProject
Project("{FAE04EC0-301F-11D3-BF4B-00C04F79EFBC}") = "MarketDataServices", "MarketDataServices\MarketDataServices.csproj", "{13BAE8CD-2876-44C4-A39A-74F7313FBA80}"
EndProject
Project("{FAE04EC0-301F-11D3-BF4B-00C04F79EFBC}") = "InvestmentBuilderLib", "InvestmentBuilderLib\InvestmentBuilderLib.csproj", "{9FA7E2CC-B5C6-463B-856A-E0E21EFF93E4}"
EndProject
Project("{FAE04EC0-301F-11D3-BF4B-00C04F79EFBC}") = "InvestmentBuilderClient", "InvestmentBuilderClient\InvestmentBuilderClient.csproj", "{B3719E69-B3FC-472A-B0B1-E1C6E7F2440E}"
EndProject
Project("{FAE04EC0-301F-11D3-BF4B-00C04F79EFBC}") = "PerformanceBuilderLib", "PerformanceBuilderLib\PerformanceBuilderLib.csproj", "{A69B4E7E-44C1-4C52-9C86-5C1148131C79}"
EndProject
Project("{2150E333-8FDC-42A3-9474-1A3956D46DE8}") = ".nuget", ".nuget", "{9D6AC946-B0A5-4C0A-A9E7-94AA840DEBE2}"
	ProjectSection(SolutionItems) = preProject
		.nuget\NuGet.Config = .nuget\NuGet.Config
		.nuget\NuGet.exe = .nuget\NuGet.exe
		.nuget\NuGet.targets = .nuget\NuGet.targets
		.nuget\packages.config = .nuget\packages.config
	EndProjectSection
EndProject
Project("{FAE04EC0-301F-11D3-BF4B-00C04F79EFBC}") = "InvestmentBuilderCore", "InvestmentBuilderCore\InvestmentBuilderCore.csproj", "{A1B060C6-10FA-443B-8191-556D1B03102F}"
EndProject
Project("{FAE04EC0-301F-11D3-BF4B-00C04F79EFBC}") = "SQLServerDataLayer", "SQLServerDataLayer\SQLServerDataLayer.csproj", "{674585E8-84AA-4111-B675-47F7E13C8CB7}"
EndProject
Project("{FAE04EC0-301F-11D3-BF4B-00C04F79EFBC}") = "InvestmentBuilderMSTests", "InvestmentBuilderMSTests\InvestmentBuilderMSTests.csproj", "{62C56CF4-BF56-4554-AB1A-F396158AD3CA}"
EndProject
Project("{FAE04EC0-301F-11D3-BF4B-00C04F79EFBC}") = "InvestmentReportGenerator", "InvestmentReportGenerator\InvestmentReportGenerator.csproj", "{67E92F66-3A85-4122-8D1E-DCFD499C64BF}"
EndProject
Project("{FAE04EC0-301F-11D3-BF4B-00C04F79EFBC}") = "InvestmentBuilderService", "InvestmentBuilderService\InvestmentBuilderService.csproj", "{77D2520C-6C3E-4D55-B20A-9FCD5714A97D}"
EndProject
Project("{FAE04EC0-301F-11D3-BF4B-00C04F79EFBC}") = "UserManagementService", "UserManagementService\UserManagementService.csproj", "{001B4897-2A19-4CCC-B531-3C6F0C61D5ED}"
EndProject
Project("{8BC9CEB8-8B4A-11D0-8D11-00A0C91BC942}") = "InvestmentBuilderProcessLauncher", "InvestmentBuilderProcessLauncher\InvestmentBuilderProcessLauncher.vcxproj", "{7BDF41AE-CE53-4B1A-AAA6-5EB5DA95CAE7}"
EndProject
Project("{FAE04EC0-301F-11D3-BF4B-00C04F79EFBC}") = "InvestmentBuilderFileHandler", "InvestmentBuilderFileHandler\InvestmentBuilderFileHandler.csproj", "{AFE75ECA-6C7D-46A0-B2A0-ED5D1BD81ED9}"
EndProject
Global
	GlobalSection(SolutionConfigurationPlatforms) = preSolution
		Debug|x64 = Debug|x64
		Release|x64 = Release|x64
	EndGlobalSection
	GlobalSection(ProjectConfigurationPlatforms) = postSolution
		{BCA240B5-1BAC-4BFF-AF1D-32A17ADDA1F6}.Debug|x64.ActiveCfg = Debug|x64
		{BCA240B5-1BAC-4BFF-AF1D-32A17ADDA1F6}.Debug|x64.Build.0 = Debug|x64
		{BCA240B5-1BAC-4BFF-AF1D-32A17ADDA1F6}.Release|x64.ActiveCfg = Release|x64
		{BCA240B5-1BAC-4BFF-AF1D-32A17ADDA1F6}.Release|x64.Build.0 = Release|x64
		{13BAE8CD-2876-44C4-A39A-74F7313FBA80}.Debug|x64.ActiveCfg = Debug|x64
		{13BAE8CD-2876-44C4-A39A-74F7313FBA80}.Debug|x64.Build.0 = Debug|x64
		{13BAE8CD-2876-44C4-A39A-74F7313FBA80}.Release|x64.ActiveCfg = Release|x64
		{13BAE8CD-2876-44C4-A39A-74F7313FBA80}.Release|x64.Build.0 = Release|x64
		{9FA7E2CC-B5C6-463B-856A-E0E21EFF93E4}.Debug|x64.ActiveCfg = Debug|x64
		{9FA7E2CC-B5C6-463B-856A-E0E21EFF93E4}.Debug|x64.Build.0 = Debug|x64
		{9FA7E2CC-B5C6-463B-856A-E0E21EFF93E4}.Release|x64.ActiveCfg = Release|x64
		{9FA7E2CC-B5C6-463B-856A-E0E21EFF93E4}.Release|x64.Build.0 = Release|x64
		{B3719E69-B3FC-472A-B0B1-E1C6E7F2440E}.Debug|x64.ActiveCfg = Debug|x64
		{B3719E69-B3FC-472A-B0B1-E1C6E7F2440E}.Debug|x64.Build.0 = Debug|x64
		{B3719E69-B3FC-472A-B0B1-E1C6E7F2440E}.Release|x64.ActiveCfg = Release|x64
		{B3719E69-B3FC-472A-B0B1-E1C6E7F2440E}.Release|x64.Build.0 = Release|x64
		{A69B4E7E-44C1-4C52-9C86-5C1148131C79}.Debug|x64.ActiveCfg = Debug|x64
		{A69B4E7E-44C1-4C52-9C86-5C1148131C79}.Debug|x64.Build.0 = Debug|x64
		{A69B4E7E-44C1-4C52-9C86-5C1148131C79}.Release|x64.ActiveCfg = Release|x64
		{A69B4E7E-44C1-4C52-9C86-5C1148131C79}.Release|x64.Build.0 = Release|x64
		{A1B060C6-10FA-443B-8191-556D1B03102F}.Debug|x64.ActiveCfg = Debug|x64
		{A1B060C6-10FA-443B-8191-556D1B03102F}.Debug|x64.Build.0 = Debug|x64
		{A1B060C6-10FA-443B-8191-556D1B03102F}.Release|x64.ActiveCfg = Release|x64
		{A1B060C6-10FA-443B-8191-556D1B03102F}.Release|x64.Build.0 = Release|x64
		{674585E8-84AA-4111-B675-47F7E13C8CB7}.Debug|x64.ActiveCfg = Debug|x64
		{674585E8-84AA-4111-B675-47F7E13C8CB7}.Debug|x64.Build.0 = Debug|x64
		{674585E8-84AA-4111-B675-47F7E13C8CB7}.Release|x64.ActiveCfg = Release|x64
		{674585E8-84AA-4111-B675-47F7E13C8CB7}.Release|x64.Build.0 = Release|x64
		{62C56CF4-BF56-4554-AB1A-F396158AD3CA}.Debug|x64.ActiveCfg = Debug|x64
		{62C56CF4-BF56-4554-AB1A-F396158AD3CA}.Debug|x64.Build.0 = Debug|x64
		{62C56CF4-BF56-4554-AB1A-F396158AD3CA}.Release|x64.ActiveCfg = Release|x64
		{62C56CF4-BF56-4554-AB1A-F396158AD3CA}.Release|x64.Build.0 = Release|x64
		{67E92F66-3A85-4122-8D1E-DCFD499C64BF}.Debug|x64.ActiveCfg = Debug|x64
		{67E92F66-3A85-4122-8D1E-DCFD499C64BF}.Debug|x64.Build.0 = Debug|x64
		{67E92F66-3A85-4122-8D1E-DCFD499C64BF}.Release|x64.ActiveCfg = Release|x64
		{67E92F66-3A85-4122-8D1E-DCFD499C64BF}.Release|x64.Build.0 = Release|x64
		{77D2520C-6C3E-4D55-B20A-9FCD5714A97D}.Debug|x64.ActiveCfg = Debug|x64
		{77D2520C-6C3E-4D55-B20A-9FCD5714A97D}.Debug|x64.Build.0 = Debug|x64
		{77D2520C-6C3E-4D55-B20A-9FCD5714A97D}.Release|x64.ActiveCfg = Release|x64
		{77D2520C-6C3E-4D55-B20A-9FCD5714A97D}.Release|x64.Build.0 = Release|x64
		{001B4897-2A19-4CCC-B531-3C6F0C61D5ED}.Debug|x64.ActiveCfg = Debug|x64
		{001B4897-2A19-4CCC-B531-3C6F0C61D5ED}.Debug|x64.Build.0 = Debug|x64
		{001B4897-2A19-4CCC-B531-3C6F0C61D5ED}.Release|x64.ActiveCfg = Release|x64
		{001B4897-2A19-4CCC-B531-3C6F0C61D5ED}.Release|x64.Build.0 = Release|x64
		{7BDF41AE-CE53-4B1A-AAA6-5EB5DA95CAE7}.Debug|x64.ActiveCfg = Debug|x64
		{7BDF41AE-CE53-4B1A-AAA6-5EB5DA95CAE7}.Debug|x64.Build.0 = Debug|x64
		{7BDF41AE-CE53-4B1A-AAA6-5EB5DA95CAE7}.Release|x64.ActiveCfg = Release|x64
		{7BDF41AE-CE53-4B1A-AAA6-5EB5DA95CAE7}.Release|x64.Build.0 = Release|x64
		{AFE75ECA-6C7D-46A0-B2A0-ED5D1BD81ED9}.Debug|x64.ActiveCfg = Debug|x64
		{AFE75ECA-6C7D-46A0-B2A0-ED5D1BD81ED9}.Debug|x64.Build.0 = Debug|x64
		{AFE75ECA-6C7D-46A0-B2A0-ED5D1BD81ED9}.Release|x64.ActiveCfg = Release|x64
		{AFE75ECA-6C7D-46A0-B2A0-ED5D1BD81ED9}.Release|x64.Build.0 = Release|x64
	EndGlobalSection
	GlobalSection(SolutionProperties) = preSolution
		HideSolutionNode = FALSE
	EndGlobalSection
EndGlobal
