
Microsoft Visual Studio Solution File, Format Version 12.00
# Visual Studio 14
VisualStudioVersion = 14.0.25123.0
MinimumVisualStudioVersion = 10.0.40219.1
Project("{FAE04EC0-301F-11D3-BF4B-00C04F79EFBC}") = "InvestmentBuilderService", "InvestmentBuilderService.csproj", "{77D2520C-6C3E-4D55-B20A-9FCD5714A97D}"
EndProject
Project("{FAE04EC0-301F-11D3-BF4B-00C04F79EFBC}") = "MiddlewareNetClient", "..\..\Middleware\Middleware\MiddlewareNetClient\MiddlewareNetClient.csproj", "{152D50D9-E40E-414D-A789-0707FAA0BE78}"
EndProject
Project("{FAE04EC0-301F-11D3-BF4B-00C04F79EFBC}") = "MiddlewareInterfaces", "..\..\Middleware\Middleware\MiddlewareInterfaces\MiddlewareInterfaces.csproj", "{B4CD8390-6FBD-4D51-97B1-C4F8E76D008E}"
EndProject
Project("{FAE04EC0-301F-11D3-BF4B-00C04F79EFBC}") = "InvestmentBuilderCore", "..\InvestmentBuilderCore\InvestmentBuilderCore.csproj", "{A1B060C6-10FA-443B-8191-556D1B03102F}"
EndProject
Project("{FAE04EC0-301F-11D3-BF4B-00C04F79EFBC}") = "InvestmentBuilderLib", "..\InvestmentBuilderLib\InvestmentBuilderLib.csproj", "{9FA7E2CC-B5C6-463B-856A-E0E21EFF93E4}"
EndProject
Global
	GlobalSection(SolutionConfigurationPlatforms) = preSolution
		Debug|Any CPU = Debug|Any CPU
		Release|Any CPU = Release|Any CPU
	EndGlobalSection
	GlobalSection(ProjectConfigurationPlatforms) = postSolution
		{77D2520C-6C3E-4D55-B20A-9FCD5714A97D}.Debug|Any CPU.ActiveCfg = Debug|Any CPU
		{77D2520C-6C3E-4D55-B20A-9FCD5714A97D}.Debug|Any CPU.Build.0 = Debug|Any CPU
		{77D2520C-6C3E-4D55-B20A-9FCD5714A97D}.Release|Any CPU.ActiveCfg = Release|Any CPU
		{77D2520C-6C3E-4D55-B20A-9FCD5714A97D}.Release|Any CPU.Build.0 = Release|Any CPU
		{152D50D9-E40E-414D-A789-0707FAA0BE78}.Debug|Any CPU.ActiveCfg = Debug|Any CPU
		{152D50D9-E40E-414D-A789-0707FAA0BE78}.Debug|Any CPU.Build.0 = Debug|Any CPU
		{152D50D9-E40E-414D-A789-0707FAA0BE78}.Release|Any CPU.ActiveCfg = Release|Any CPU
		{152D50D9-E40E-414D-A789-0707FAA0BE78}.Release|Any CPU.Build.0 = Release|Any CPU
		{B4CD8390-6FBD-4D51-97B1-C4F8E76D008E}.Debug|Any CPU.ActiveCfg = Debug|Any CPU
		{B4CD8390-6FBD-4D51-97B1-C4F8E76D008E}.Debug|Any CPU.Build.0 = Debug|Any CPU
		{B4CD8390-6FBD-4D51-97B1-C4F8E76D008E}.Release|Any CPU.ActiveCfg = Release|Any CPU
		{B4CD8390-6FBD-4D51-97B1-C4F8E76D008E}.Release|Any CPU.Build.0 = Release|Any CPU
		{A1B060C6-10FA-443B-8191-556D1B03102F}.Debug|Any CPU.ActiveCfg = Debug|Any CPU
		{A1B060C6-10FA-443B-8191-556D1B03102F}.Debug|Any CPU.Build.0 = Debug|Any CPU
		{A1B060C6-10FA-443B-8191-556D1B03102F}.Release|Any CPU.ActiveCfg = Release|Any CPU
		{A1B060C6-10FA-443B-8191-556D1B03102F}.Release|Any CPU.Build.0 = Release|Any CPU
		{9FA7E2CC-B5C6-463B-856A-E0E21EFF93E4}.Debug|Any CPU.ActiveCfg = Debug|Any CPU
		{9FA7E2CC-B5C6-463B-856A-E0E21EFF93E4}.Debug|Any CPU.Build.0 = Debug|Any CPU
		{9FA7E2CC-B5C6-463B-856A-E0E21EFF93E4}.Release|Any CPU.ActiveCfg = Release|Any CPU
		{9FA7E2CC-B5C6-463B-856A-E0E21EFF93E4}.Release|Any CPU.Build.0 = Release|Any CPU
	EndGlobalSection
	GlobalSection(SolutionProperties) = preSolution
		HideSolutionNode = FALSE
	EndGlobalSection
EndGlobal
